
Microsoft Visual Studio Solution File, Format Version 12.00
# Visual Studio Version 16
VisualStudioVersion = 16.0.29503.13
MinimumVisualStudioVersion = 10.0.40219.1
Project("{FAE04EC0-301F-11D3-BF4B-00C04F79EFBC}") = "Lesson5.11(2)", "Lesson5.11(2)\Lesson5.11(2).csproj", "{8B9E7360-49EB-4D33-91C0-773FDF603AAA}"
EndProject
Global
	GlobalSection(SolutionConfigurationPlatforms) = preSolution
		Debug|Any CPU = Debug|Any CPU
		Release|Any CPU = Release|Any CPU
	EndGlobalSection
	GlobalSection(ProjectConfigurationPlatforms) = postSolution
		{8B9E7360-49EB-4D33-91C0-773FDF603AAA}.Debug|Any CPU.ActiveCfg = Debug|Any CPU
		{8B9E7360-49EB-4D33-91C0-773FDF603AAA}.Debug|Any CPU.Build.0 = Debug|Any CPU
		{8B9E7360-49EB-4D33-91C0-773FDF603AAA}.Release|Any CPU.ActiveCfg = Release|Any CPU
		{8B9E7360-49EB-4D33-91C0-773FDF603AAA}.Release|Any CPU.Build.0 = Release|Any CPU
	EndGlobalSection
	GlobalSection(SolutionProperties) = preSolution
		HideSolutionNode = FALSE
	EndGlobalSection
	GlobalSection(ExtensibilityGlobals) = postSolution
		SolutionGuid = {A5C5B77B-1DEB-437D-AAE7-E6060DCF3E85}
	EndGlobalSection
EndGlobal
